Microsoft Visual Studio Solution File, Format Version 12.00
# Visual Studio 2012
Project("{FAE04EC0-301F-11D3-BF4B-00C04F79EFBC}") = "Undertale Curiosity", "Undertale Curiosity.csproj", "{F0D2573D-DCCE-43FB-A045-01966FDACD7B}"
EndProject
Global
	GlobalSection(SolutionConfigurationPlatforms) = preSolution
	Debug|Any CPU = Debug|Any CPU
	ExportDebug|Any CPU = ExportDebug|Any CPU
	ExportRelease|Any CPU = ExportRelease|Any CPU
	EndGlobalSection
	GlobalSection(ProjectConfigurationPlatforms) = postSolution
		{F0D2573D-DCCE-43FB-A045-01966FDACD7B}.Debug|Any CPU.ActiveCfg = Debug|Any CPU
		{F0D2573D-DCCE-43FB-A045-01966FDACD7B}.Debug|Any CPU.Build.0 = Debug|Any CPU
		{F0D2573D-DCCE-43FB-A045-01966FDACD7B}.ExportDebug|Any CPU.ActiveCfg = ExportDebug|Any CPU
		{F0D2573D-DCCE-43FB-A045-01966FDACD7B}.ExportDebug|Any CPU.Build.0 = ExportDebug|Any CPU
		{F0D2573D-DCCE-43FB-A045-01966FDACD7B}.ExportRelease|Any CPU.ActiveCfg = ExportRelease|Any CPU
		{F0D2573D-DCCE-43FB-A045-01966FDACD7B}.ExportRelease|Any CPU.Build.0 = ExportRelease|Any CPU
	EndGlobalSection
EndGlobal
